
Microsoft Visual Studio Solution File, Format Version 12.00
# Visual Studio 15
VisualStudioVersion = 15.0.27703.2000
MinimumVisualStudioVersion = 10.0.40219.1
Project("{FAE04EC0-301F-11D3-BF4B-00C04F79EFBC}") = "Demo.App.Windows.Forms", "Demo.App.Windows.Forms\Demo.App.Windows.Forms.csproj", "{258A3AAF-66C8-4859-9472-F711E81485A3}"
EndProject
Project("{8BC9CEB8-8B4A-11D0-8D11-00A0C91BC942}") = "AsmX64BitBasicOperations", "AsmX64BitBasicOperations\AsmX64BitBasicOperations.vcxproj", "{9EBFB65A-9ECB-4E2E-88F4-47842055F8B7}"
EndProject
Project("{FAE04EC0-301F-11D3-BF4B-00C04F79EFBC}") = "CSharp.X64.Utilities", "Asm.CSharp.Utilities\CSharp.X64.Utilities.csproj", "{209EA48A-818E-4CAE-8FA6-E8DFF853EBB9}"
	ProjectSection(ProjectDependencies) = postProject
		{9EBFB65A-9ECB-4E2E-88F4-47842055F8B7} = {9EBFB65A-9ECB-4E2E-88F4-47842055F8B7}
	EndProjectSection
EndProject
Project("{FAE04EC0-301F-11D3-BF4B-00C04F79EFBC}") = "Bitsy.Core", "bitsy\Bitsy.Core\Bitsy.Core.csproj", "{640C165A-726E-4FEB-AF3F-6D1EE0438B7A}"
EndProject
Project("{FAE04EC0-301F-11D3-BF4B-00C04F79EFBC}") = "X64Operations.UnitTest", "X64Operations.UnitTest\X64Operations.UnitTest.csproj", "{784ACF1B-09D6-409C-81F6-F3D357BB610C}"
EndProject
Project("{FAE04EC0-301F-11D3-BF4B-00C04F79EFBC}") = "ASMInterpreter", "ASMInterpreter\ASMInterpreter.csproj", "{C268C8E7-04E9-4D52-976D-5987DCA0AEFD}"
EndProject
Project("{FAE04EC0-301F-11D3-BF4B-00C04F79EFBC}") = "DeBoorFormsAppOK", "DeBoorFormsApp\DeBoorFormsAppOK.csproj", "{5A3950AE-F223-44EB-8D04-EDA427B71EA6}"
EndProject
Global
	GlobalSection(SolutionConfigurationPlatforms) = preSolution
		Debug|Any CPU = Debug|Any CPU
		Release|Any CPU = Release|Any CPU
	EndGlobalSection
	GlobalSection(ProjectConfigurationPlatforms) = postSolution
		{258A3AAF-66C8-4859-9472-F711E81485A3}.Debug|Any CPU.ActiveCfg = Debug|Any CPU
		{258A3AAF-66C8-4859-9472-F711E81485A3}.Debug|Any CPU.Build.0 = Debug|Any CPU
		{258A3AAF-66C8-4859-9472-F711E81485A3}.Release|Any CPU.ActiveCfg = Release|Any CPU
		{258A3AAF-66C8-4859-9472-F711E81485A3}.Release|Any CPU.Build.0 = Release|Any CPU
		{9EBFB65A-9ECB-4E2E-88F4-47842055F8B7}.Debug|Any CPU.ActiveCfg = Debug|x64
		{9EBFB65A-9ECB-4E2E-88F4-47842055F8B7}.Debug|Any CPU.Build.0 = Debug|x64
		{9EBFB65A-9ECB-4E2E-88F4-47842055F8B7}.Release|Any CPU.ActiveCfg = Release|x64
		{9EBFB65A-9ECB-4E2E-88F4-47842055F8B7}.Release|Any CPU.Build.0 = Release|x64
		{209EA48A-818E-4CAE-8FA6-E8DFF853EBB9}.Debug|Any CPU.ActiveCfg = Debug|Any CPU
		{209EA48A-818E-4CAE-8FA6-E8DFF853EBB9}.Debug|Any CPU.Build.0 = Debug|Any CPU
		{209EA48A-818E-4CAE-8FA6-E8DFF853EBB9}.Release|Any CPU.ActiveCfg = Release|Any CPU
		{209EA48A-818E-4CAE-8FA6-E8DFF853EBB9}.Release|Any CPU.Build.0 = Release|Any CPU
		{640C165A-726E-4FEB-AF3F-6D1EE0438B7A}.Debug|Any CPU.ActiveCfg = Debug|Any CPU
		{640C165A-726E-4FEB-AF3F-6D1EE0438B7A}.Debug|Any CPU.Build.0 = Debug|Any CPU
		{640C165A-726E-4FEB-AF3F-6D1EE0438B7A}.Release|Any CPU.ActiveCfg = Release|Any CPU
		{640C165A-726E-4FEB-AF3F-6D1EE0438B7A}.Release|Any CPU.Build.0 = Release|Any CPU
		{784ACF1B-09D6-409C-81F6-F3D357BB610C}.Debug|Any CPU.ActiveCfg = Debug|Any CPU
		{784ACF1B-09D6-409C-81F6-F3D357BB610C}.Debug|Any CPU.Build.0 = Debug|Any CPU
		{784ACF1B-09D6-409C-81F6-F3D357BB610C}.Release|Any CPU.ActiveCfg = Release|Any CPU
		{784ACF1B-09D6-409C-81F6-F3D357BB610C}.Release|Any CPU.Build.0 = Release|Any CPU
		{C268C8E7-04E9-4D52-976D-5987DCA0AEFD}.Debug|Any CPU.ActiveCfg = Debug|Any CPU
		{C268C8E7-04E9-4D52-976D-5987DCA0AEFD}.Debug|Any CPU.Build.0 = Debug|Any CPU
		{C268C8E7-04E9-4D52-976D-5987DCA0AEFD}.Release|Any CPU.ActiveCfg = Release|Any CPU
		{C268C8E7-04E9-4D52-976D-5987DCA0AEFD}.Release|Any CPU.Build.0 = Release|Any CPU
		{5A3950AE-F223-44EB-8D04-EDA427B71EA6}.Debug|Any CPU.ActiveCfg = Debug|Any CPU
		{5A3950AE-F223-44EB-8D04-EDA427B71EA6}.Debug|Any CPU.Build.0 = Debug|Any CPU
		{5A3950AE-F223-44EB-8D04-EDA427B71EA6}.Release|Any CPU.ActiveCfg = Release|Any CPU
		{5A3950AE-F223-44EB-8D04-EDA427B71EA6}.Release|Any CPU.Build.0 = Release|Any CPU
	EndGlobalSection
	GlobalSection(SolutionProperties) = preSolution
		HideSolutionNode = FALSE
	EndGlobalSection
	GlobalSection(ExtensibilityGlobals) = postSolution
		SolutionGuid = {96A2F7C1-8997-44FD-8A04-AC7B83F09DBB}
	EndGlobalSection
EndGlobal
